
Microsoft Visual Studio Solution File, Format Version 12.00
# Visual Studio Version 17
VisualStudioVersion = 17.4.33110.190
MinimumVisualStudioVersion = 10.0.40219.1
Project("{FAE04EC0-301F-11D3-BF4B-00C04F79EFBC}") = "Web2EscuelaMVC", "Web2EscuelaMVC\Web2EscuelaMVC.csproj", "{BD585E2D-4240-45EA-A47F-E99E63B704F4}"
EndProject
Global
	GlobalSection(SolutionConfigurationPlatforms) = preSolution
		Debug|Any CPU = Debug|Any CPU
		Release|Any CPU = Release|Any CPU
	EndGlobalSection
	GlobalSection(ProjectConfigurationPlatforms) = postSolution
		{BD585E2D-4240-45EA-A47F-E99E63B704F4}.Debug|Any CPU.ActiveCfg = Debug|Any CPU
		{BD585E2D-4240-45EA-A47F-E99E63B704F4}.Debug|Any CPU.Build.0 = Debug|Any CPU
		{BD585E2D-4240-45EA-A47F-E99E63B704F4}.Release|Any CPU.ActiveCfg = Release|Any CPU
		{BD585E2D-4240-45EA-A47F-E99E63B704F4}.Release|Any CPU.Build.0 = Release|Any CPU
	EndGlobalSection
	GlobalSection(SolutionProperties) = preSolution
		HideSolutionNode = FALSE
	EndGlobalSection
	GlobalSection(ExtensibilityGlobals) = postSolution
		SolutionGuid = {B6984C0E-1E9B-4C0B-AA0D-43B26039DE37}
	EndGlobalSection
EndGlobal
